
Microsoft Visual Studio Solution File, Format Version 12.00
# Visual Studio Version 16
VisualStudioVersion = 16.0.31624.102
MinimumVisualStudioVersion = 10.0.40219.1
Project("{FAE04EC0-301F-11D3-BF4B-00C04F79EFBC}") = "ConsoleApp88", "ConsoleApp88\ConsoleApp88.csproj", "{E9E0C5E0-9874-45E2-8303-E69F08B4883B}"
EndProject
Global
	GlobalSection(SolutionConfigurationPlatforms) = preSolution
		Debug|Any CPU = Debug|Any CPU
		Release|Any CPU = Release|Any CPU
	EndGlobalSection
	GlobalSection(ProjectConfigurationPlatforms) = postSolution
		{E9E0C5E0-9874-45E2-8303-E69F08B4883B}.Debug|Any CPU.ActiveCfg = Debug|Any CPU
		{E9E0C5E0-9874-45E2-8303-E69F08B4883B}.Debug|Any CPU.Build.0 = Debug|Any CPU
		{E9E0C5E0-9874-45E2-8303-E69F08B4883B}.Release|Any CPU.ActiveCfg = Release|Any CPU
		{E9E0C5E0-9874-45E2-8303-E69F08B4883B}.Release|Any CPU.Build.0 = Release|Any CPU
	EndGlobalSection
	GlobalSection(SolutionProperties) = preSolution
		HideSolutionNode = FALSE
	EndGlobalSection
	GlobalSection(ExtensibilityGlobals) = postSolution
		SolutionGuid = {D7977598-93D3-45D2-9FCC-107BAB829933}
	EndGlobalSection
EndGlobal
